
Microsoft Visual Studio Solution File, Format Version 12.00
# Visual Studio 15
VisualStudioVersion = 15.0.27004.2009
MinimumVisualStudioVersion = 10.0.40219.1
Project("{FAE04EC0-301F-11D3-BF4B-00C04F79EFBC}") = "Iterators", "Iterators\Iterators.csproj", "{581DB8F6-B8DC-40E3-AAAD-AAF1B6C62D86}"
EndProject
Global
	GlobalSection(SolutionConfigurationPlatforms) = preSolution
		Debug|Any CPU = Debug|Any CPU
		Release|Any CPU = Release|Any CPU
	EndGlobalSection
	GlobalSection(ProjectConfigurationPlatforms) = postSolution
		{581DB8F6-B8DC-40E3-AAAD-AAF1B6C62D86}.Debug|Any CPU.ActiveCfg = Debug|Any CPU
		{581DB8F6-B8DC-40E3-AAAD-AAF1B6C62D86}.Debug|Any CPU.Build.0 = Debug|Any CPU
		{581DB8F6-B8DC-40E3-AAAD-AAF1B6C62D86}.Release|Any CPU.ActiveCfg = Release|Any CPU
		{581DB8F6-B8DC-40E3-AAAD-AAF1B6C62D86}.Release|Any CPU.Build.0 = Release|Any CPU
	EndGlobalSection
	GlobalSection(SolutionProperties) = preSolution
		HideSolutionNode = FALSE
	EndGlobalSection
	GlobalSection(ExtensibilityGlobals) = postSolution
		SolutionGuid = {FF40C341-35EC-49F3-8849-7FDFE4C8A976}
	EndGlobalSection
EndGlobal
