
Microsoft Visual Studio Solution File, Format Version 12.00
# Visual Studio 15
VisualStudioVersion = 15.0.27004.2009
MinimumVisualStudioVersion = 10.0.40219.1
Project("{FAE04EC0-301F-11D3-BF4B-00C04F79EFBC}") = "Weekdays", "Weekdays\Weekdays.csproj", "{055227F5-0EAB-4182-B041-464D3C30FCEC}"
EndProject
Project("{FAE04EC0-301F-11D3-BF4B-00C04F79EFBC}") = "CoffeeMachine", "CoffeeMachine\CoffeeMachine.csproj", "{EA8DFD3F-4582-413E-80ED-C5BEDFF4EECD}"
EndProject
Global
	GlobalSection(SolutionConfigurationPlatforms) = preSolution
		Debug|Any CPU = Debug|Any CPU
		Release|Any CPU = Release|Any CPU
	EndGlobalSection
	GlobalSection(ProjectConfigurationPlatforms) = postSolution
		{055227F5-0EAB-4182-B041-464D3C30FCEC}.Debug|Any CPU.ActiveCfg = Debug|Any CPU
		{055227F5-0EAB-4182-B041-464D3C30FCEC}.Debug|Any CPU.Build.0 = Debug|Any CPU
		{055227F5-0EAB-4182-B041-464D3C30FCEC}.Release|Any CPU.ActiveCfg = Release|Any CPU
		{055227F5-0EAB-4182-B041-464D3C30FCEC}.Release|Any CPU.Build.0 = Release|Any CPU
		{EA8DFD3F-4582-413E-80ED-C5BEDFF4EECD}.Debug|Any CPU.ActiveCfg = Debug|Any CPU
		{EA8DFD3F-4582-413E-80ED-C5BEDFF4EECD}.Debug|Any CPU.Build.0 = Debug|Any CPU
		{EA8DFD3F-4582-413E-80ED-C5BEDFF4EECD}.Release|Any CPU.ActiveCfg = Release|Any CPU
		{EA8DFD3F-4582-413E-80ED-C5BEDFF4EECD}.Release|Any CPU.Build.0 = Release|Any CPU
	EndGlobalSection
	GlobalSection(SolutionProperties) = preSolution
		HideSolutionNode = FALSE
	EndGlobalSection
	GlobalSection(ExtensibilityGlobals) = postSolution
		SolutionGuid = {972B571B-7462-4A84-AD68-8958B9C0A4D3}
	EndGlobalSection
EndGlobal
