
Microsoft Visual Studio Solution File, Format Version 12.00
# Visual Studio 15
VisualStudioVersion = 15.0.27004.2009
MinimumVisualStudioVersion = 10.0.40219.1
Project("{FAE04EC0-301F-11D3-BF4B-00C04F79EFBC}") = "Libraies", "Libraies\Libraies.csproj", "{DC6E9968-D2CB-4187-9DBF-31E068C6474C}"
EndProject
Global
	GlobalSection(SolutionConfigurationPlatforms) = preSolution
		Debug|Any CPU = Debug|Any CPU
		Release|Any CPU = Release|Any CPU
	EndGlobalSection
	GlobalSection(ProjectConfigurationPlatforms) = postSolution
		{DC6E9968-D2CB-4187-9DBF-31E068C6474C}.Debug|Any CPU.ActiveCfg = Debug|Any CPU
		{DC6E9968-D2CB-4187-9DBF-31E068C6474C}.Debug|Any CPU.Build.0 = Debug|Any CPU
		{DC6E9968-D2CB-4187-9DBF-31E068C6474C}.Release|Any CPU.ActiveCfg = Release|Any CPU
		{DC6E9968-D2CB-4187-9DBF-31E068C6474C}.Release|Any CPU.Build.0 = Release|Any CPU
	EndGlobalSection
	GlobalSection(SolutionProperties) = preSolution
		HideSolutionNode = FALSE
	EndGlobalSection
	GlobalSection(ExtensibilityGlobals) = postSolution
		SolutionGuid = {2EC0B43B-FCE7-4F88-B65C-50C4F2872438}
	EndGlobalSection
EndGlobal
